// !$*UTF8*$!
{
	archiveVersion = 1;
	classes = {
	};
	objectVersion = 55;
	objects = {

/* Begin PBXBuildFile section */
		50BC2DBA27F4806500EC681C /* AppDelegate.swift in Sources */ = {isa = PBXBuildFile; fileRef = 50BC2DB927F4806500EC681C /* AppDelegate.swift */; };
		50BC2DBC27F4806500EC681C /* SceneDelegate.swift in Sources */ = {isa = PBXBuildFile; fileRef = 50BC2DBB27F4806500EC681C /* SceneDelegate.swift */; };
		50BC2DBE27F4806500EC681C /* AouthViewController.swift in Sources */ = {isa = PBXBuildFile; fileRef = 50BC2DBD27F4806500EC681C /* AouthViewController.swift */; };
		50BC2DC127F4806500EC681C /* Main.storyboard in Resources */ = {isa = PBXBuildFile; fileRef = 50BC2DBF27F4806500EC681C /* Main.storyboard */; };
		50BC2DC327F4806900EC681C /* Assets.xcassets in Resources */ = {isa = PBXBuildFile; fileRef = 50BC2DC227F4806900EC681C /* Assets.xcassets */; };
		50BC2DC627F4806900EC681C /* LaunchScreen.storyboard in Resources */ = {isa = PBXBuildFile; fileRef = 50BC2DC427F4806900EC681C /* LaunchScreen.storyboard */; };
		50BC2DD127F4806900EC681C /* VKNewGBTests.swift in Sources */ = {isa = PBXBuildFile; fileRef = 50BC2DD027F4806900EC681C /* VKNewGBTests.swift */; };
		50BC2DDB27F4806900EC681C /* VKNewGBUITests.swift in Sources */ = {isa = PBXBuildFile; fileRef = 50BC2DDA27F4806900EC681C /* VKNewGBUITests.swift */; };
		50BC2DDD27F4806900EC681C /* VKNewGBUITestsLaunchTests.swift in Sources */ = {isa = PBXBuildFile; fileRef = 50BC2DDC27F4806900EC681C /* VKNewGBUITestsLaunchTests.swift */; };
/* End PBXBuildFile section */

/* Begin PBXContainerItemProxy section */
		50BC2DCD27F4806900EC681C /* PBXContainerItemProxy */ = {
			isa = PBXContainerItemProxy;
			containerPortal = 50BC2DAE27F4806400EC681C /* Project object */;
			proxyType = 1;
			remoteGlobalIDString = 50BC2DB527F4806400EC681C;
			remoteInfo = VKNewGB;
		};
		50BC2DD727F4806900EC681C /* PBXContainerItemProxy */ = {
			isa = PBXContainerItemProxy;
			containerPortal = 50BC2DAE27F4806400EC681C /* Project object */;
			proxyType = 1;
			remoteGlobalIDString = 50BC2DB527F4806400EC681C;
			remoteInfo = VKNewGB;
		};
/* End PBXContainerItemProxy section */

/* Begin PBXFileReference section */
		50BC2DB627F4806500EC681C /* VKNewGB.app */ = {isa = PBXFileReference; explicitFileType = wrapper.application; includeInIndex = 0; path = VKNewGB.app; sourceTree = BUILT_PRODUCTS_DIR; };
		50BC2DB927F4806500EC681C /* AppDelegate.swift */ = {isa = PBXFileReference; lastKnownFileType = sourcecode.swift; path = AppDelegate.swift; sourceTree = "<group>"; };
		50BC2DBB27F4806500EC681C /* SceneDelegate.swift */ = {isa = PBXFileReference; lastKnownFileType = sourcecode.swift; path = SceneDelegate.swift; sourceTree = "<group>"; };
		50BC2DBD27F4806500EC681C /* AouthViewController.swift */ = {isa = PBXFileReference; lastKnownFileType = sourcecode.swift; path = AouthViewController.swift; sourceTree = "<group>"; };
		50BC2DC027F4806500EC681C /* Base */ = {isa = PBXFileReference; lastKnownFileType = file.storyboard; name = Base; path = Base.lproj/Main.storyboard; sourceTree = "<group>"; };
		50BC2DC227F4806900EC681C /* Assets.xcassets */ = {isa = PBXFileReference; lastKnownFileType = folder.assetcatalog; path = Assets.xcassets; sourceTree = "<group>"; };
		50BC2DC527F4806900EC681C /* Base */ = {isa = PBXFileReference; lastKnownFileType = file.storyboard; name = Base; path = Base.lproj/LaunchScreen.storyboard; sourceTree = "<group>"; };
		50BC2DC727F4806900EC681C /* Info.plist */ = {isa = PBXFileReference; lastKnownFileType = text.plist.xml; path = Info.plist; sourceTree = "<group>"; };
		50BC2DCC27F4806900EC681C /* VKNewGBTests.xctest */ = {isa = PBXFileReference; explicitFileType = wrapper.cfbundle; includeInIndex = 0; path = VKNewGBTests.xctest; sourceTree = BUILT_PRODUCTS_DIR; };
		50BC2DD027F4806900EC681C /* VKNewGBTests.swift */ = {isa = PBXFileReference; lastKnownFileType = sourcecode.swift; path = VKNewGBTests.swift; sourceTree = "<group>"; };
		50BC2DD627F4806900EC681C /* VKNewGBUITests.xctest */ = {isa = PBXFileReference; explicitFileType = wrapper.cfbundle; includeInIndex = 0; path = VKNewGBUITests.xctest; sourceTree = BUILT_PRODUCTS_DIR; };
		50BC2DDA27F4806900EC681C /* VKNewGBUITests.swift */ = {isa = PBXFileReference; lastKnownFileType = sourcecode.swift; path = VKNewGBUITests.swift; sourceTree = "<group>"; };
		50BC2DDC27F4806900EC681C /* VKNewGBUITestsLaunchTests.swift */ = {isa = PBXFileReference; lastKnownFileType = sourcecode.swift; path = VKNewGBUITestsLaunchTests.swift; sourceTree = "<group>"; };
/* End PBXFileReference section */

/* Begin PBXFrameworksBuildPhase section */
		50BC2DB327F4806400EC681C /* Frameworks */ = {
			isa = PBXFrameworksBuildPhase;
			buildActionMask = 2147483647;
			files = (
			);
			runOnlyForDeploymentPostprocessing = 0;
		};
		50BC2DC927F4806900EC681C /* Frameworks */ = {
			isa = PBXFrameworksBuildPhase;
			buildActionMask = 2147483647;
			files = (
			);
			runOnlyForDeploymentPostprocessing = 0;
		};
		50BC2DD327F4806900EC681C /* Frameworks */ = {
			isa = PBXFrameworksBuildPhase;
			buildActionMask = 2147483647;
			files = (
			);
			runOnlyForDeploymentPostprocessing = 0;
		};
/* End PBXFrameworksBuildPhase section */

/* Begin PBXGroup section */
		50BC2DAD27F4806400EC681C = {
			isa = PBXGroup;
			children = (
				50BC2DB827F4806500EC681C /* VKNewGB */,
				50BC2DCF27F4806900EC681C /* VKNewGBTests */,
				50BC2DD927F4806900EC681C /* VKNewGBUITests */,
				50BC2DB727F4806500EC681C /* Products */,
			);
			sourceTree = "<group>";
		};
		50BC2DB727F4806500EC681C /* Products */ = {
			isa = PBXGroup;
			children = (
				50BC2DB627F4806500EC681C /* VKNewGB.app */,
				50BC2DCC27F4806900EC681C /* VKNewGBTests.xctest */,
				50BC2DD627F4806900EC681C /* VKNewGBUITests.xctest */,
			);
			name = Products;
			sourceTree = "<group>";
		};
		50BC2DB827F4806500EC681C /* VKNewGB */ = {
			isa = PBXGroup;
			children = (
				50BC2DEA27F4821100EC681C /* Models */,
				50BC2DEC27F4823100EC681C /* View */,
				50BC2DEB27F4821F00EC681C /* Controller */,
				50BC2DED27F5748C00EC681C /* Resources */,
				50BC2DC727F4806900EC681C /* Info.plist */,
			);
			path = VKNewGB;
			sourceTree = "<group>";
		};
		50BC2DCF27F4806900EC681C /* VKNewGBTests */ = {
			isa = PBXGroup;
			children = (
				50BC2DD027F4806900EC681C /* VKNewGBTests.swift */,
			);
			path = VKNewGBTests;
			sourceTree = "<group>";
		};
		50BC2DD927F4806900EC681C /* VKNewGBUITests */ = {
			isa = PBXGroup;
			children = (
				50BC2DDA27F4806900EC681C /* VKNewGBUITests.swift */,
				50BC2DDC27F4806900EC681C /* VKNewGBUITestsLaunchTests.swift */,
			);
			path = VKNewGBUITests;
			sourceTree = "<group>";
		};
		50BC2DE927F481FC00EC681C /* Extensions */ = {
			isa = PBXGroup;
			children = (
			);
			path = Extensions;
			sourceTree = "<group>";
		};
		50BC2DEA27F4821100EC681C /* Models */ = {
			isa = PBXGroup;
			children = (
				50BC2DEE27F574C900EC681C /* App */,
			);
			path = Models;
			sourceTree = "<group>";
		};
		50BC2DEB27F4821F00EC681C /* Controller */ = {
			isa = PBXGroup;
			children = (
				50BC2DBD27F4806500EC681C /* AouthViewController.swift */,
			);
			path = Controller;
			sourceTree = "<group>";
		};
		50BC2DEC27F4823100EC681C /* View */ = {
			isa = PBXGroup;
			children = (
				50BC2DEF27F5750F00EC681C /* Storyboards */,
				50BC2DE927F481FC00EC681C /* Extensions */,
			);
			path = View;
			sourceTree = "<group>";
		};
		50BC2DED27F5748C00EC681C /* Resources */ = {
			isa = PBXGroup;
			children = (
				50BC2DC227F4806900EC681C /* Assets.xcassets */,
			);
			path = Resources;
			sourceTree = "<group>";
		};
		50BC2DEE27F574C900EC681C /* App */ = {
			isa = PBXGroup;
			children = (
				50BC2DBB27F4806500EC681C /* SceneDelegate.swift */,
				50BC2DB927F4806500EC681C /* AppDelegate.swift */,
			);
			path = App;
			sourceTree = "<group>";
		};
		50BC2DEF27F5750F00EC681C /* Storyboards */ = {
			isa = PBXGroup;
			children = (
				50BC2DC427F4806900EC681C /* LaunchScreen.storyboard */,
				50BC2DBF27F4806500EC681C /* Main.storyboard */,
			);
			path = Storyboards;
			sourceTree = "<group>";
		};
/* End PBXGroup section */

/* Begin PBXNativeTarget section */
		50BC2DB527F4806400EC681C /* VKNewGB */ = {
			isa = PBXNativeTarget;
			buildConfigurationList = 50BC2DE027F4806900EC681C /* Build configuration list for PBXNativeTarget "VKNewGB" */;
			buildPhases = (
				50BC2DB227F4806400EC681C /* Sources */,
				50BC2DB327F4806400EC681C /* Frameworks */,
				50BC2DB427F4806400EC681C /* Resources */,
			);
			buildRules = (
			);
			dependencies = (
			);
			name = VKNewGB;
			productName = VKNewGB;
			productReference = 50BC2DB627F4806500EC681C /* VKNewGB.app */;
			productType = "com.apple.product-type.application";
		};
		50BC2DCB27F4806900EC681C /* VKNewGBTests */ = {
			isa = PBXNativeTarget;
			buildConfigurationList = 50BC2DE327F4806900EC681C /* Build configuration list for PBXNativeTarget "VKNewGBTests" */;
			buildPhases = (
				50BC2DC827F4806900EC681C /* Sources */,
				50BC2DC927F4806900EC681C /* Frameworks */,
				50BC2DCA27F4806900EC681C /* Resources */,
			);
			buildRules = (
			);
			dependencies = (
				50BC2DCE27F4806900EC681C /* PBXTargetDependency */,
			);
			name = VKNewGBTests;
			productName = VKNewGBTests;
			productReference = 50BC2DCC27F4806900EC681C /* VKNewGBTests.xctest */;
			productType = "com.apple.product-type.bundle.unit-test";
		};
		50BC2DD527F4806900EC681C /* VKNewGBUITests */ = {
			isa = PBXNativeTarget;
			buildConfigurationList = 50BC2DE627F4806900EC681C /* Build configuration list for PBXNativeTarget "VKNewGBUITests" */;
			buildPhases = (
				50BC2DD227F4806900EC681C /* Sources */,
				50BC2DD327F4806900EC681C /* Frameworks */,
				50BC2DD427F4806900EC681C /* Resources */,
			);
			buildRules = (
			);
			dependencies = (
				50BC2DD827F4806900EC681C /* PBXTargetDependency */,
			);
			name = VKNewGBUITests;
			productName = VKNewGBUITests;
			productReference = 50BC2DD627F4806900EC681C /* VKNewGBUITests.xctest */;
			productType = "com.apple.product-type.bundle.ui-testing";
		};
/* End PBXNativeTarget section */

/* Begin PBXProject section */
		50BC2DAE27F4806400EC681C /* Project object */ = {
			isa = PBXProject;
			attributes = {
				BuildIndependentTargetsInParallel = 1;
				LastSwiftUpdateCheck = 1320;
				LastUpgradeCheck = 1320;
				TargetAttributes = {
					50BC2DB527F4806400EC681C = {
						CreatedOnToolsVersion = 13.2.1;
					};
					50BC2DCB27F4806900EC681C = {
						CreatedOnToolsVersion = 13.2.1;
						TestTargetID = 50BC2DB527F4806400EC681C;
					};
					50BC2DD527F4806900EC681C = {
						CreatedOnToolsVersion = 13.2.1;
						TestTargetID = 50BC2DB527F4806400EC681C;
					};
				};
			};
			buildConfigurationList = 50BC2DB127F4806400EC681C /* Build configuration list for PBXProject "VKNewGB" */;
			compatibilityVersion = "Xcode 13.0";
			developmentRegion = en;
			hasScannedForEncodings = 0;
			knownRegions = (
				en,
				Base,
			);
			mainGroup = 50BC2DAD27F4806400EC681C;
			productRefGroup = 50BC2DB727F4806500EC681C /* Products */;
			projectDirPath = "";
			projectRoot = "";
			targets = (
				50BC2DB527F4806400EC681C /* VKNewGB */,
				50BC2DCB27F4806900EC681C /* VKNewGBTests */,
				50BC2DD527F4806900EC681C /* VKNewGBUITests */,
			);
		};
/* End PBXProject section */

/* Begin PBXResourcesBuildPhase section */
		50BC2DB427F4806400EC681C /* Resources */ = {
			isa = PBXResourcesBuildPhase;
			buildActionMask = 2147483647;
			files = (
				50BC2DC627F4806900EC681C /* LaunchScreen.storyboard in Resources */,
				50BC2DC327F4806900EC681C /* Assets.xcassets in Resources */,
				50BC2DC127F4806500EC681C /* Main.storyboard in Resources */,
			);
			runOnlyForDeploymentPostprocessing = 0;
		};
		50BC2DCA27F4806900EC681C /* Resources */ = {
			isa = PBXResourcesBuildPhase;
			buildActionMask = 2147483647;
			files = (
			);
			runOnlyForDeploymentPostprocessing = 0;
		};
		50BC2DD427F4806900EC681C /* Resources */ = {
			isa = PBXResourcesBuildPhase;
			buildActionMask = 2147483647;
			files = (
			);
			runOnlyForDeploymentPostprocessing = 0;
		};
/* End PBXResourcesBuildPhase section */

/* Begin PBXSourcesBuildPhase section */
		50BC2DB227F4806400EC681C /* Sources */ = {
			isa = PBXSourcesBuildPhase;
			buildActionMask = 2147483647;
			files = (
				50BC2DBE27F4806500EC681C /* AouthViewController.swift in Sources */,
				50BC2DBA27F4806500EC681C /* AppDelegate.swift in Sources */,
				50BC2DBC27F4806500EC681C /* SceneDelegate.swift in Sources */,
			);
			runOnlyForDeploymentPostprocessing = 0;
		};
		50BC2DC827F4806900EC681C /* Sources */ = {
			isa = PBXSourcesBuildPhase;
			buildActionMask = 2147483647;
			files = (
				50BC2DD127F4806900EC681C /* VKNewGBTests.swift in Sources */,
			);
			runOnlyForDeploymentPostprocessing = 0;
		};
		50BC2DD227F4806900EC681C /* Sources */ = {
			isa = PBXSourcesBuildPhase;
			buildActionMask = 2147483647;
			files = (
				50BC2DDB27F4806900EC681C /* VKNewGBUITests.swift in Sources */,
				50BC2DDD27F4806900EC681C /* VKNewGBUITestsLaunchTests.swift in Sources */,
			);
			runOnlyForDeploymentPostprocessing = 0;
		};
/* End PBXSourcesBuildPhase section */

/* Begin PBXTargetDependency section */
		50BC2DCE27F4806900EC681C /* PBXTargetDependency */ = {
			isa = PBXTargetDependency;
			target = 50BC2DB527F4806400EC681C /* VKNewGB */;
			targetProxy = 50BC2DCD27F4806900EC681C /* PBXContainerItemProxy */;
		};
		50BC2DD827F4806900EC681C /* PBXTargetDependency */ = {
			isa = PBXTargetDependency;
			target = 50BC2DB527F4806400EC681C /* VKNewGB */;
			targetProxy = 50BC2DD727F4806900EC681C /* PBXContainerItemProxy */;
		};
/* End PBXTargetDependency section */

/* Begin PBXVariantGroup section */
		50BC2DBF27F4806500EC681C /* Main.storyboard */ = {
			isa = PBXVariantGroup;
			children = (
				50BC2DC027F4806500EC681C /* Base */,
			);
			name = Main.storyboard;
			sourceTree = "<group>";
		};
		50BC2DC427F4806900EC681C /* LaunchScreen.storyboard */ = {
			isa = PBXVariantGroup;
			children = (
				50BC2DC527F4806900EC681C /* Base */,
			);
			name = LaunchScreen.storyboard;
			sourceTree = "<group>";
		};
/* End PBXVariantGroup section */

/* Begin XCBuildConfiguration section */
		50BC2DDE27F4806900EC681C /* Debug */ = {
			isa = XCBuildConfiguration;
			buildSettings = {
				ALWAYS_SEARCH_USER_PATHS = NO;
				CLANG_ANALYZER_NONNULL = YES;
				CLANG_ANALYZER_NUMBER_OBJECT_CONVERSION = YES_AGGRESSIVE;
				CLANG_CXX_LANGUAGE_STANDARD = "gnu++17";
				CLANG_CXX_LIBRARY = "libc++";
				CLANG_ENABLE_MODULES = YES;
				CLANG_ENABLE_OBJC_ARC = YES;
				CLANG_ENABLE_OBJC_WEAK = YES;
				CLANG_WARN_BLOCK_CAPTURE_AUTORELEASING = YES;
				CLANG_WARN_BOOL_CONVERSION = YES;
				CLANG_WARN_COMMA = YES;
				CLANG_WARN_CONSTANT_CONVERSION = YES;
				CLANG_WARN_DEPRECATED_OBJC_IMPLEMENTATIONS = YES;
				CLANG_WARN_DIRECT_OBJC_ISA_USAGE = YES_ERROR;
				CLANG_WARN_DOCUMENTATION_COMMENTS = YES;
				CLANG_WARN_EMPTY_BODY = YES;
				CLANG_WARN_ENUM_CONVERSION = YES;
				CLANG_WARN_INFINITE_RECURSION = YES;
				CLANG_WARN_INT_CONVERSION = YES;
				CLANG_WARN_NON_LITERAL_NULL_CONVERSION = YES;
				CLANG_WARN_OBJC_IMPLICIT_RETAIN_SELF = YES;
				CLANG_WARN_OBJC_LITERAL_CONVERSION = YES;
				CLANG_WARN_OBJC_ROOT_CLASS = YES_ERROR;
				CLANG_WARN_QUOTED_INCLUDE_IN_FRAMEWORK_HEADER = YES;
				CLANG_WARN_RANGE_LOOP_ANALYSIS = YES;
				CLANG_WARN_STRICT_PROTOTYPES = YES;
				CLANG_WARN_SUSPICIOUS_MOVE = YES;
				CLANG_WARN_UNGUARDED_AVAILABILITY = YES_AGGRESSIVE;
				CLANG_WARN_UNREACHABLE_CODE = YES;
				CLANG_WARN__DUPLICATE_METHOD_MATCH = YES;
				COPY_PHASE_STRIP = NO;
				DEBUG_INFORMATION_FORMAT = dwarf;
				ENABLE_STRICT_OBJC_MSGSEND = YES;
				ENABLE_TESTABILITY = YES;
				GCC_C_LANGUAGE_STANDARD = gnu11;
				GCC_DYNAMIC_NO_PIC = NO;
				GCC_NO_COMMON_BLOCKS = YES;
				GCC_OPTIMIZATION_LEVEL = 0;
				GCC_PREPROCESSOR_DEFINITIONS = (
					"DEBUG=1",
					"$(inherited)",
				);
				GCC_WARN_64_TO_32_BIT_CONVERSION = YES;
				GCC_WARN_ABOUT_RETURN_TYPE = YES_ERROR;
				GCC_WARN_UNDECLARED_SELECTOR = YES;
				GCC_WARN_UNINITIALIZED_AUTOS = YES_AGGRESSIVE;
				GCC_WARN_UNUSED_FUNCTION = YES;
				GCC_WARN_UNUSED_VARIABLE = YES;
				IPHONEOS_DEPLOYMENT_TARGET = 15.2;
				MTL_ENABLE_DEBUG_INFO = INCLUDE_SOURCE;
				MTL_FAST_MATH = YES;
				ONLY_ACTIVE_ARCH = YES;
				SDKROOT = iphoneos;
				SWIFT_ACTIVE_COMPILATION_CONDITIONS = DEBUG;
				SWIFT_OPTIMIZATION_LEVEL = "-Onone";
			};
			name = Debug;
		};
		50BC2DDF27F4806900EC681C /* Release */ = {
			isa = XCBuildConfiguration;
			buildSettings = {
				ALWAYS_SEARCH_USER_PATHS = NO;
				CLANG_ANALYZER_NONNULL = YES;
				CLANG_ANALYZER_NUMBER_OBJECT_CONVERSION = YES_AGGRESSIVE;
				CLANG_CXX_LANGUAGE_STANDARD = "gnu++17";
				CLANG_CXX_LIBRARY = "libc++";
				CLANG_ENABLE_MODULES = YES;
				CLANG_ENABLE_OBJC_ARC = YES;
				CLANG_ENABLE_OBJC_WEAK = YES;
				CLANG_WARN_BLOCK_CAPTURE_AUTORELEASING = YES;
				CLANG_WARN_BOOL_CONVERSION = YES;
				CLANG_WARN_COMMA = YES;
				CLANG_WARN_CONSTANT_CONVERSION = YES;
				CLANG_WARN_DEPRECATED_OBJC_IMPLEMENTATIONS = YES;
				CLANG_WARN_DIRECT_OBJC_ISA_USAGE = YES_ERROR;
				CLANG_WARN_DOCUMENTATION_COMMENTS = YES;
				CLANG_WARN_EMPTY_BODY = YES;
				CLANG_WARN_ENUM_CONVERSION = YES;
				CLANG_WARN_INFINITE_RECURSION = YES;
				CLANG_WARN_INT_CONVERSION = YES;
				CLANG_WARN_NON_LITERAL_NULL_CONVERSION = YES;
				CLANG_WARN_OBJC_IMPLICIT_RETAIN_SELF = YES;
				CLANG_WARN_OBJC_LITERAL_CONVERSION = YES;
				CLANG_WARN_OBJC_ROOT_CLASS = YES_ERROR;
				CLANG_WARN_QUOTED_INCLUDE_IN_FRAMEWORK_HEADER = YES;
				CLANG_WARN_RANGE_LOOP_ANALYSIS = YES;
				CLANG_WARN_STRICT_PROTOTYPES = YES;
				CLANG_WARN_SUSPICIOUS_MOVE = YES;
				CLANG_WARN_UNGUARDED_AVAILABILITY = YES_AGGRESSIVE;
				CLANG_WARN_UNREACHABLE_CODE = YES;
				CLANG_WARN__DUPLICATE_METHOD_MATCH = YES;
				COPY_PHASE_STRIP = NO;
				DEBUG_INFORMATION_FORMAT = "dwarf-with-dsym";
				ENABLE_NS_ASSERTIONS = NO;
				ENABLE_STRICT_OBJC_MSGSEND = YES;
				GCC_C_LANGUAGE_STANDARD = gnu11;
				GCC_NO_COMMON_BLOCKS = YES;
				GCC_WARN_64_TO_32_BIT_CONVERSION = YES;
				GCC_WARN_ABOUT_RETURN_TYPE = YES_ERROR;
				GCC_WARN_UNDECLARED_SELECTOR = YES;
				GCC_WARN_UNINITIALIZED_AUTOS = YES_AGGRESSIVE;
				GCC_WARN_UNUSED_FUNCTION = YES;
				GCC_WARN_UNUSED_VARIABLE = YES;
				IPHONEOS_DEPLOYMENT_TARGET = 15.2;
				MTL_ENABLE_DEBUG_INFO = NO;
				MTL_FAST_MATH = YES;
				SDKROOT = iphoneos;
				SWIFT_COMPILATION_MODE = wholemodule;
				SWIFT_OPTIMIZATION_LEVEL = "-O";
				VALIDATE_PRODUCT = YES;
			};
			name = Release;
		};
		50BC2DE127F4806900EC681C /* Debug */ = {
			isa = XCBuildConfiguration;
			buildSettings = {
				ASSETCATALOG_COMPILER_APPICON_NAME = AppIcon;
				ASSETCATALOG_COMPILER_GLOBAL_ACCENT_COLOR_NAME = AccentColor;
				CODE_SIGN_STYLE = Automatic;
				CURRENT_PROJECT_VERSION = 1;
				DEVELOPMENT_TEAM = BB9VRGTTUK;
				GENERATE_INFOPLIST_FILE = YES;
				INFOPLIST_FILE = VKNewGB/Info.plist;
				INFOPLIST_KEY_UIApplicationSupportsIndirectInputEvents = YES;
				INFOPLIST_KEY_UILaunchStoryboardName = LaunchScreen;
				INFOPLIST_KEY_UIMainStoryboardFile = Main;
				INFOPLIST_KEY_UISupportedInterfaceOrientations_iPad = "UIInterfaceOrientationPortrait UIInterfaceOrientationPortraitUpsideDown UIInterfaceOrientationLandscapeLeft UIInterfaceOrientationLandscapeRight";
				INFOPLIST_KEY_UISupportedInterfaceOrientations_iPhone = "UIInterfaceOrientationPortrait UIInterfaceOrientationLandscapeLeft UIInterfaceOrientationLandscapeRight";
				LD_RUNPATH_SEARCH_PATHS = (
					"$(inherited)",
					"@executable_path/Frameworks",
				);
				MARKETING_VERSION = 1.0;
				PRODUCT_BUNDLE_IDENTIFIER = com.mishkamishka.VKNewGB;
				PRODUCT_NAME = "$(TARGET_NAME)";
				SWIFT_EMIT_LOC_STRINGS = YES;
				SWIFT_VERSION = 5.0;
				TARGETED_DEVICE_FAMILY = "1,2";
			};
			name = Debug;
		};
		50BC2DE227F4806900EC681C /* Release */ = {
			isa = XCBuildConfiguration;
			buildSettings = {
				ASSETCATALOG_COMPILER_APPICON_NAME = AppIcon;
				ASSETCATALOG_COMPILER_GLOBAL_ACCENT_COLOR_NAME = AccentColor;
				CODE_SIGN_STYLE = Automatic;
				CURRENT_PROJECT_VERSION = 1;
				DEVELOPMENT_TEAM = BB9VRGTTUK;
				GENERATE_INFOPLIST_FILE = YES;
				INFOPLIST_FILE = VKNewGB/Info.plist;
				INFOPLIST_KEY_UIApplicationSupportsIndirectInputEvents = YES;
				INFOPLIST_KEY_UILaunchStoryboardName = LaunchScreen;
				INFOPLIST_KEY_UIMainStoryboardFile = Main;
				INFOPLIST_KEY_UISupportedInterfaceOrientations_iPad = "UIInterfaceOrientationPortrait UIInterfaceOrientationPortraitUpsideDown UIInterfaceOrientationLandscapeLeft UIInterfaceOrientationLandscapeRight";
				INFOPLIST_KEY_UISupportedInterfaceOrientations_iPhone = "UIInterfaceOrientationPortrait UIInterfaceOrientationLandscapeLeft UIInterfaceOrientationLandscapeRight";
				LD_RUNPATH_SEARCH_PATHS = (
					"$(inherited)",
					"@executable_path/Frameworks",
				);
				MARKETING_VERSION = 1.0;
				PRODUCT_BUNDLE_IDENTIFIER = com.mishkamishka.VKNewGB;
				PRODUCT_NAME = "$(TARGET_NAME)";
				SWIFT_EMIT_LOC_STRINGS = YES;
				SWIFT_VERSION = 5.0;
				TARGETED_DEVICE_FAMILY = "1,2";
			};
			name = Release;
		};
		50BC2DE427F4806900EC681C /* Debug */ = {
			isa = XCBuildConfiguration;
			buildSettings = {
				ALWAYS_EMBED_SWIFT_STANDARD_LIBRARIES = YES;
				BUNDLE_LOADER = "$(TEST_HOST)";
				CODE_SIGN_STYLE = Automatic;
				CURRENT_PROJECT_VERSION = 1;
				DEVELOPMENT_TEAM = BB9VRGTTUK;
				GENERATE_INFOPLIST_FILE = YES;
				IPHONEOS_DEPLOYMENT_TARGET = 15.2;
				MARKETING_VERSION = 1.0;
				PRODUCT_BUNDLE_IDENTIFIER = com.mishkamishka.WhoWantsToBeAMillionaire.VKNewGBTests;
				PRODUCT_NAME = "$(TARGET_NAME)";
				SWIFT_EMIT_LOC_STRINGS = NO;
				SWIFT_VERSION = 5.0;
				TARGETED_DEVICE_FAMILY = "1,2";
				TEST_HOST = "$(BUILT_PRODUCTS_DIR)/VKNewGB.app/VKNewGB";
			};
			name = Debug;
		};
		50BC2DE527F4806900EC681C /* Release */ = {
			isa = XCBuildConfiguration;
			buildSettings = {
				ALWAYS_EMBED_SWIFT_STANDARD_LIBRARIES = YES;
				BUNDLE_LOADER = "$(TEST_HOST)";
				CODE_SIGN_STYLE = Automatic;
				CURRENT_PROJECT_VERSION = 1;
				DEVELOPMENT_TEAM = BB9VRGTTUK;
				GENERATE_INFOPLIST_FILE = YES;
				IPHONEOS_DEPLOYMENT_TARGET = 15.2;
				MARKETING_VERSION = 1.0;
				PRODUCT_BUNDLE_IDENTIFIER = com.mishkamishka.WhoWantsToBeAMillionaire.VKNewGBTests;
				PRODUCT_NAME = "$(TARGET_NAME)";
				SWIFT_EMIT_LOC_STRINGS = NO;
				SWIFT_VERSION = 5.0;
				TARGETED_DEVICE_FAMILY = "1,2";
				TEST_HOST = "$(BUILT_PRODUCTS_DIR)/VKNewGB.app/VKNewGB";
			};
			name = Release;
		};
		50BC2DE727F4806900EC681C /* Debug */ = {
			isa = XCBuildConfiguration;
			buildSettings = {
				ALWAYS_EMBED_SWIFT_STANDARD_LIBRARIES = YES;
				CODE_SIGN_STYLE = Automatic;
				CURRENT_PROJECT_VERSION = 1;
				DEVELOPMENT_TEAM = BB9VRGTTUK;
				GENERATE_INFOPLIST_FILE = YES;
				MARKETING_VERSION = 1.0;
				PRODUCT_BUNDLE_IDENTIFIER = com.mishkamishka.WhoWantsToBeAMillionaire.VKNewGBUITests;
				PRODUCT_NAME = "$(TARGET_NAME)";
				SWIFT_EMIT_LOC_STRINGS = NO;
				SWIFT_VERSION = 5.0;
				TARGETED_DEVICE_FAMILY = "1,2";
				TEST_TARGET_NAME = VKNewGB;
			};
			name = Debug;
		};
		50BC2DE827F4806900EC681C /* Release */ = {
			isa = XCBuildConfiguration;
			buildSettings = {
				ALWAYS_EMBED_SWIFT_STANDARD_LIBRARIES = YES;
				CODE_SIGN_STYLE = Automatic;
				CURRENT_PROJECT_VERSION = 1;
				DEVELOPMENT_TEAM = BB9VRGTTUK;
				GENERATE_INFOPLIST_FILE = YES;
				MARKETING_VERSION = 1.0;
				PRODUCT_BUNDLE_IDENTIFIER = com.mishkamishka.WhoWantsToBeAMillionaire.VKNewGBUITests;
				PRODUCT_NAME = "$(TARGET_NAME)";
				SWIFT_EMIT_LOC_STRINGS = NO;
				SWIFT_VERSION = 5.0;
				TARGETED_DEVICE_FAMILY = "1,2";
				TEST_TARGET_NAME = VKNewGB;
			};
			name = Release;
		};
/* End XCBuildConfiguration section */

/* Begin XCConfigurationList section */
		50BC2DB127F4806400EC681C /* Build configuration list for PBXProject "VKNewGB" */ = {
			isa = XCConfigurationList;
			buildConfigurations = (
				50BC2DDE27F4806900EC681C /* Debug */,
				50BC2DDF27F4806900EC681C /* Release */,
			);
			defaultConfigurationIsVisible = 0;
			defaultConfigurationName = Release;
		};
		50BC2DE027F4806900EC681C /* Build configuration list for PBXNativeTarget "VKNewGB" */ = {
			isa = XCConfigurationList;
			buildConfigurations = (
				50BC2DE127F4806900EC681C /* Debug */,
				50BC2DE227F4806900EC681C /* Release */,
			);
			defaultConfigurationIsVisible = 0;
			defaultConfigurationName = Release;
		};
		50BC2DE327F4806900EC681C /* Build configuration list for PBXNativeTarget "VKNewGBTests" */ = {
			isa = XCConfigurationList;
			buildConfigurations = (
				50BC2DE427F4806900EC681C /* Debug */,
				50BC2DE527F4806900EC681C /* Release */,
			);
			defaultConfigurationIsVisible = 0;
			defaultConfigurationName = Release;
		};
		50BC2DE627F4806900EC681C /* Build configuration list for PBXNativeTarget "VKNewGBUITests" */ = {
			isa = XCConfigurationList;
			buildConfigurations = (
				50BC2DE727F4806900EC681C /* Debug */,
				50BC2DE827F4806900EC681C /* Release */,
			);
			defaultConfigurationIsVisible = 0;
			defaultConfigurationName = Release;
		};
/* End XCConfigurationList section */
	};
	rootObject = 50BC2DAE27F4806400EC681C /* Project object */;
}
